// !$*UTF8*$!
{
	archiveVersion = 1;
	classes = {
	};
	objectVersion = 77;
	objects = {

/* Begin PBXBuildFile section */
		626C98E62F65DBC700184DD0 /* RxCocoa in Frameworks */ = {isa = PBXBuildFile; productRef = 626C98E52F65DBC700184DD0 /* RxCocoa */; };
		626C98EA2F65DBC700184DD0 /* RxRelay in Frameworks */ = {isa = PBXBuildFile; productRef = 626C98E92F65DBC700184DD0 /* RxRelay */; };
		626C98EC2F65DBC700184DD0 /* RxSwift in Frameworks */ = {isa = PBXBuildFile; productRef = 626C98EB2F65DBC700184DD0 /* RxSwift */; };
/* End PBXBuildFile section */

/* Begin PBXContainerItemProxy section */
		626C98C22F65D90F00184DD0 /* PBXContainerItemProxy */ = {
			isa = PBXContainerItemProxy;
			containerPortal = 626C98A32F65D90E00184DD0 /* Project object */;
			proxyType = 1;
			remoteGlobalIDString = 626C98AA2F65D90E00184DD0;
			remoteInfo = "RxUi Lab";
		};
		626C98CC2F65D90F00184DD0 /* PBXContainerItemProxy */ = {
			isa = PBXContainerItemProxy;
			containerPortal = 626C98A32F65D90E00184DD0 /* Project object */;
			proxyType = 1;
			remoteGlobalIDString = 626C98AA2F65D90E00184DD0;
			remoteInfo = "RxUi Lab";
		};
/* End PBXContainerItemProxy section */

/* Begin PBXCopyFilesBuildPhase section */
		626C98F02F65E05400184DD0 /* Embed Frameworks */ = {
			isa = PBXCopyFilesBuildPhase;
			buildActionMask = 2147483647;
			dstPath = "";
			dstSubfolderSpec = 10;
			files = (
			);
			name = "Embed Frameworks";
			runOnlyForDeploymentPostprocessing = 0;
		};
/* End PBXCopyFilesBuildPhase section */

/* Begin PBXFileReference section */
		626C98AB2F65D90E00184DD0 /* RxUi Lab.app */ = {isa = PBXFileReference; explicitFileType = wrapper.application; includeInIndex = 0; path = "RxUi Lab.app"; sourceTree = BUILT_PRODUCTS_DIR; };
		626C98C12F65D90F00184DD0 /* RxUi LabTests.xctest */ = {isa = PBXFileReference; explicitFileType = wrapper.cfbundle; includeInIndex = 0; path = "RxUi LabTests.xctest"; sourceTree = BUILT_PRODUCTS_DIR; };
		626C98CB2F65D90F00184DD0 /* RxUi LabUITests.xctest */ = {isa = PBXFileReference; explicitFileType = wrapper.cfbundle; includeInIndex = 0; path = "RxUi LabUITests.xctest"; sourceTree = BUILT_PRODUCTS_DIR; };
/* End PBXFileReference section */

/* Begin PBXFileSystemSynchronizedBuildFileExceptionSet section */
		626C98D32F65D90F00184DD0 /* Exceptions for "RxUi Lab" folder in "RxUi Lab" target */ = {
			isa = PBXFileSystemSynchronizedBuildFileExceptionSet;
			membershipExceptions = (
				Info.plist,
			);
			target = 626C98AA2F65D90E00184DD0 /* RxUi Lab */;
		};
/* End PBXFileSystemSynchronizedBuildFileExceptionSet section */

/* Begin PBXFileSystemSynchronizedRootGroup section */
		626C98AD2F65D90E00184DD0 /* RxUi Lab */ = {
			isa = PBXFileSystemSynchronizedRootGroup;
			exceptions = (
				626C98D32F65D90F00184DD0 /* Exceptions for "RxUi Lab" folder in "RxUi Lab" target */,
			);
			path = "RxUi Lab";
			sourceTree = "<group>";
		};
		626C98C42F65D90F00184DD0 /* RxUi LabTests */ = {
			isa = PBXFileSystemSynchronizedRootGroup;
			path = "RxUi LabTests";
			sourceTree = "<group>";
		};
		626C98CE2F65D90F00184DD0 /* RxUi LabUITests */ = {
			isa = PBXFileSystemSynchronizedRootGroup;
			path = "RxUi LabUITests";
			sourceTree = "<group>";
		};
/* End PBXFileSystemSynchronizedRootGroup section */

/* Begin PBXFrameworksBuildPhase section */
		626C98A82F65D90E00184DD0 /* Frameworks */ = {
			isa = PBXFrameworksBuildPhase;
			buildActionMask = 2147483647;
			files = (
				626C98E62F65DBC700184DD0 /* RxCocoa in Frameworks */,
				626C98EC2F65DBC700184DD0 /* RxSwift in Frameworks */,
				626C98EA2F65DBC700184DD0 /* RxRelay in Frameworks */,
			);
			runOnlyForDeploymentPostprocessing = 0;
		};
		626C98BE2F65D90F00184DD0 /* Frameworks */ = {
			isa = PBXFrameworksBuildPhase;
			buildActionMask = 2147483647;
			files = (
			);
			runOnlyForDeploymentPostprocessing = 0;
		};
		626C98C82F65D90F00184DD0 /* Frameworks */ = {
			isa = PBXFrameworksBuildPhase;
			buildActionMask = 2147483647;
			files = (
			);
			runOnlyForDeploymentPostprocessing = 0;
		};
/* End PBXFrameworksBuildPhase section */

/* Begin PBXGroup section */
		626C98A22F65D90E00184DD0 = {
			isa = PBXGroup;
			children = (
				626C98AD2F65D90E00184DD0 /* RxUi Lab */,
				626C98C42F65D90F00184DD0 /* RxUi LabTests */,
				626C98CE2F65D90F00184DD0 /* RxUi LabUITests */,
				626C98AC2F65D90E00184DD0 /* Products */,
			);
			sourceTree = "<group>";
		};
		626C98AC2F65D90E00184DD0 /* Products */ = {
			isa = PBXGroup;
			children = (
				626C98AB2F65D90E00184DD0 /* RxUi Lab.app */,
				626C98C12F65D90F00184DD0 /* RxUi LabTests.xctest */,
				626C98CB2F65D90F00184DD0 /* RxUi LabUITests.xctest */,
			);
			name = Products;
			sourceTree = "<group>";
		};
/* End PBXGroup section */

/* Begin PBXNativeTarget section */
		626C98AA2F65D90E00184DD0 /* RxUi Lab */ = {
			isa = PBXNativeTarget;
			buildConfigurationList = 626C98D42F65D90F00184DD0 /* Build configuration list for PBXNativeTarget "RxUi Lab" */;
			buildPhases = (
				626C98A72F65D90E00184DD0 /* Sources */,
				626C98A82F65D90E00184DD0 /* Frameworks */,
				626C98A92F65D90E00184DD0 /* Resources */,
				626C98F02F65E05400184DD0 /* Embed Frameworks */,
			);
			buildRules = (
			);
			dependencies = (
			);
			fileSystemSynchronizedGroups = (
				626C98AD2F65D90E00184DD0 /* RxUi Lab */,
			);
			name = "RxUi Lab";
			packageProductDependencies = (
				626C98E52F65DBC700184DD0 /* RxCocoa */,
				626C98E92F65DBC700184DD0 /* RxRelay */,
				626C98EB2F65DBC700184DD0 /* RxSwift */,
			);
			productName = "RxUi Lab";
			productReference = 626C98AB2F65D90E00184DD0 /* RxUi Lab.app */;
			productType = "com.apple.product-type.application";
		};
		626C98C02F65D90F00184DD0 /* RxUi LabTests */ = {
			isa = PBXNativeTarget;
			buildConfigurationList = 626C98D92F65D90F00184DD0 /* Build configuration list for PBXNativeTarget "RxUi LabTests" */;
			buildPhases = (
				626C98BD2F65D90F00184DD0 /* Sources */,
				626C98BE2F65D90F00184DD0 /* Frameworks */,
				626C98BF2F65D90F00184DD0 /* Resources */,
			);
			buildRules = (
			);
			dependencies = (
				626C98C32F65D90F00184DD0 /* PBXTargetDependency */,
			);
			fileSystemSynchronizedGroups = (
				626C98C42F65D90F00184DD0 /* RxUi LabTests */,
			);
			name = "RxUi LabTests";
			packageProductDependencies = (
			);
			productName = "RxUi LabTests";
			productReference = 626C98C12F65D90F00184DD0 /* RxUi LabTests.xctest */;
			productType = "com.apple.product-type.bundle.unit-test";
		};
		626C98CA2F65D90F00184DD0 /* RxUi LabUITests */ = {
			isa = PBXNativeTarget;
			buildConfigurationList = 626C98DC2F65D90F00184DD0 /* Build configuration list for PBXNativeTarget "RxUi LabUITests" */;
			buildPhases = (
				626C98C72F65D90F00184DD0 /* Sources */,
				626C98C82F65D90F00184DD0 /* Frameworks */,
				626C98C92F65D90F00184DD0 /* Resources */,
			);
			buildRules = (
			);
			dependencies = (
				626C98CD2F65D90F00184DD0 /* PBXTargetDependency */,
			);
			fileSystemSynchronizedGroups = (
				626C98CE2F65D90F00184DD0 /* RxUi LabUITests */,
			);
			name = "RxUi LabUITests";
			packageProductDependencies = (
			);
			productName = "RxUi LabUITests";
			productReference = 626C98CB2F65D90F00184DD0 /* RxUi LabUITests.xctest */;
			productType = "com.apple.product-type.bundle.ui-testing";
		};
/* End PBXNativeTarget section */

/* Begin PBXProject section */
		626C98A32F65D90E00184DD0 /* Project object */ = {
			isa = PBXProject;
			attributes = {
				BuildIndependentTargetsInParallel = 1;
				LastSwiftUpdateCheck = 2620;
				LastUpgradeCheck = 2620;
				TargetAttributes = {
					626C98AA2F65D90E00184DD0 = {
						CreatedOnToolsVersion = 26.2;
					};
					626C98C02F65D90F00184DD0 = {
						CreatedOnToolsVersion = 26.2;
						TestTargetID = 626C98AA2F65D90E00184DD0;
					};
					626C98CA2F65D90F00184DD0 = {
						CreatedOnToolsVersion = 26.2;
						TestTargetID = 626C98AA2F65D90E00184DD0;
					};
				};
			};
			buildConfigurationList = 626C98A62F65D90E00184DD0 /* Build configuration list for PBXProject "RxUi Lab" */;
			developmentRegion = en;
			hasScannedForEncodings = 0;
			knownRegions = (
				en,
				Base,
			);
			mainGroup = 626C98A22F65D90E00184DD0;
			minimizedProjectReferenceProxies = 1;
			packageReferences = (
				626C98E22F65DBC700184DD0 /* XCRemoteSwiftPackageReference "RxSwift" */,
			);
			preferredProjectObjectVersion = 77;
			productRefGroup = 626C98AC2F65D90E00184DD0 /* Products */;
			projectDirPath = "";
			projectRoot = "";
			targets = (
				626C98AA2F65D90E00184DD0 /* RxUi Lab */,
				626C98C02F65D90F00184DD0 /* RxUi LabTests */,
				626C98CA2F65D90F00184DD0 /* RxUi LabUITests */,
			);
		};
/* End PBXProject section */

/* Begin PBXResourcesBuildPhase section */
		626C98A92F65D90E00184DD0 /* Resources */ = {
			isa = PBXResourcesBuildPhase;
			buildActionMask = 2147483647;
			files = (
			);
			runOnlyForDeploymentPostprocessing = 0;
		};
		626C98BF2F65D90F00184DD0 /* Resources */ = {
			isa = PBXResourcesBuildPhase;
			buildActionMask = 2147483647;
			files = (
			);
			runOnlyForDeploymentPostprocessing = 0;
		};
		626C98C92F65D90F00184DD0 /* Resources */ = {
			isa = PBXResourcesBuildPhase;
			buildActionMask = 2147483647;
			files = (
			);
			runOnlyForDeploymentPostprocessing = 0;
		};
/* End PBXResourcesBuildPhase section */

/* Begin PBXSourcesBuildPhase section */
		626C98A72F65D90E00184DD0 /* Sources */ = {
			isa = PBXSourcesBuildPhase;
			buildActionMask = 2147483647;
			files = (
			);
			runOnlyForDeploymentPostprocessing = 0;
		};
		626C98BD2F65D90F00184DD0 /* Sources */ = {
			isa = PBXSourcesBuildPhase;
			buildActionMask = 2147483647;
			files = (
			);
			runOnlyForDeploymentPostprocessing = 0;
		};
		626C98C72F65D90F00184DD0 /* Sources */ = {
			isa = PBXSourcesBuildPhase;
			buildActionMask = 2147483647;
			files = (
			);
			runOnlyForDeploymentPostprocessing = 0;
		};
/* End PBXSourcesBuildPhase section */

/* Begin PBXTargetDependency section */
		626C98C32F65D90F00184DD0 /* PBXTargetDependency */ = {
			isa = PBXTargetDependency;
			target = 626C98AA2F65D90E00184DD0 /* RxUi Lab */;
			targetProxy = 626C98C22F65D90F00184DD0 /* PBXContainerItemProxy */;
		};
		626C98CD2F65D90F00184DD0 /* PBXTargetDependency */ = {
			isa = PBXTargetDependency;
			target = 626C98AA2F65D90E00184DD0 /* RxUi Lab */;
			targetProxy = 626C98CC2F65D90F00184DD0 /* PBXContainerItemProxy */;
		};
/* End PBXTargetDependency section */

/* Begin XCBuildConfiguration section */
		626C98D52F65D90F00184DD0 /* Debug */ = {
			isa = XCBuildConfiguration;
			buildSettings = {
				ASSETCATALOG_COMPILER_APPICON_NAME = AppIcon;
				ASSETCATALOG_COMPILER_GLOBAL_ACCENT_COLOR_NAME = AccentColor;
				CODE_SIGN_STYLE = Automatic;
				CURRENT_PROJECT_VERSION = 1;
				DEVELOPMENT_TEAM = PHXDU3J7JJ;
				GENERATE_INFOPLIST_FILE = YES;
				INFOPLIST_FILE = "RxUi Lab/Info.plist";
				INFOPLIST_KEY_UIApplicationSupportsIndirectInputEvents = YES;
				INFOPLIST_KEY_UILaunchStoryboardName = LaunchScreen;
				INFOPLIST_KEY_UIMainStoryboardFile = Main;
				INFOPLIST_KEY_UISupportedInterfaceOrientations_iPad = "UIInterfaceOrientationPortrait UIInterfaceOrientationPortraitUpsideDown UIInterfaceOrientationLandscapeLeft UIInterfaceOrientationLandscapeRight";
				INFOPLIST_KEY_UISupportedInterfaceOrientations_iPhone = "UIInterfaceOrientationPortrait UIInterfaceOrientationLandscapeLeft UIInterfaceOrientationLandscapeRight";
				LD_RUNPATH_SEARCH_PATHS = (
					"$(inherited)",
					"@executable_path/Frameworks",
				);
				MARKETING_VERSION = 1.0;
				PRODUCT_BUNDLE_IDENTIFIER = "com.aadisss.RxUi-Lab";
				PRODUCT_NAME = "$(TARGET_NAME)";
				STRING_CATALOG_GENERATE_SYMBOLS = YES;
				SWIFT_APPROACHABLE_CONCURRENCY = YES;
				SWIFT_DEFAULT_ACTOR_ISOLATION = MainActor;
				SWIFT_EMIT_LOC_STRINGS = YES;
				SWIFT_UPCOMING_FEATURE_MEMBER_IMPORT_VISIBILITY = YES;
				SWIFT_VERSION = 5.0;
				TARGETED_DEVICE_FAMILY = "1,2";
			};
			name = Debug;
		};
		626C98D62F65D90F00184DD0 /* Release */ = {
			isa = XCBuildConfiguration;
			buildSettings = {
				ASSETCATALOG_COMPILER_APPICON_NAME = AppIcon;
				ASSETCATALOG_COMPILER_GLOBAL_ACCENT_COLOR_NAME = AccentColor;
				CODE_SIGN_STYLE = Automatic;
				CURRENT_PROJECT_VERSION = 1;
				DEVELOPMENT_TEAM = PHXDU3J7JJ;
				GENERATE_INFOPLIST_FILE = YES;
				INFOPLIST_FILE = "RxUi Lab/Info.plist";
				INFOPLIST_KEY_UIApplicationSupportsIndirectInputEvents = YES;
				INFOPLIST_KEY_UILaunchStoryboardName = LaunchScreen;
				INFOPLIST_KEY_UIMainStoryboardFile = Main;
				INFOPLIST_KEY_UISupportedInterfaceOrientations_iPad = "UIInterfaceOrientationPortrait UIInterfaceOrientationPortraitUpsideDown UIInterfaceOrientationLandscapeLeft UIInterfaceOrientationLandscapeRight";
				INFOPLIST_KEY_UISupportedInterfaceOrientations_iPhone = "UIInterfaceOrientationPortrait UIInterfaceOrientationLandscapeLeft UIInterfaceOrientationLandscapeRight";
				LD_RUNPATH_SEARCH_PATHS = (
					"$(inherited)",
					"@executable_path/Frameworks",
				);
				MARKETING_VERSION = 1.0;
				PRODUCT_BUNDLE_IDENTIFIER = "com.aadisss.RxUi-Lab";
				PRODUCT_NAME = "$(TARGET_NAME)";
				STRING_CATALOG_GENERATE_SYMBOLS = YES;
				SWIFT_APPROACHABLE_CONCURRENCY = YES;
				SWIFT_DEFAULT_ACTOR_ISOLATION = MainActor;
				SWIFT_EMIT_LOC_STRINGS = YES;
				SWIFT_UPCOMING_FEATURE_MEMBER_IMPORT_VISIBILITY = YES;
				SWIFT_VERSION = 5.0;
				TARGETED_DEVICE_FAMILY = "1,2";
			};
			name = Release;
		};
		626C98D72F65D90F00184DD0 /* Debug */ = {
			isa = XCBuildConfiguration;
			buildSettings = {
				ALWAYS_SEARCH_USER_PATHS = NO;
				ASSETCATALOG_COMPILER_GENERATE_SWIFT_ASSET_SYMBOL_EXTENSIONS = YES;
				CLANG_ANALYZER_NONNULL = YES;
				CLANG_ANALYZER_NUMBER_OBJECT_CONVERSION = YES_AGGRESSIVE;
				CLANG_CXX_LANGUAGE_STANDARD = "gnu++20";
				CLANG_ENABLE_MODULES = YES;
				CLANG_ENABLE_OBJC_ARC = YES;
				CLANG_ENABLE_OBJC_WEAK = YES;
				CLANG_WARN_BLOCK_CAPTURE_AUTORELEASING = YES;
				CLANG_WARN_BOOL_CONVERSION = YES;
				CLANG_WARN_COMMA = YES;
				CLANG_WARN_CONSTANT_CONVERSION = YES;
				CLANG_WARN_DEPRECATED_OBJC_IMPLEMENTATIONS = YES;
				CLANG_WARN_DIRECT_OBJC_ISA_USAGE = YES_ERROR;
				CLANG_WARN_DOCUMENTATION_COMMENTS = YES;
				CLANG_WARN_EMPTY_BODY = YES;
				CLANG_WARN_ENUM_CONVERSION = YES;
				CLANG_WARN_INFINITE_RECURSION = YES;
				CLANG_WARN_INT_CONVERSION = YES;
				CLANG_WARN_NON_LITERAL_NULL_CONVERSION = YES;
				CLANG_WARN_OBJC_IMPLICIT_RETAIN_SELF = YES;
				CLANG_WARN_OBJC_LITERAL_CONVERSION = YES;
				CLANG_WARN_OBJC_ROOT_CLASS = YES_ERROR;
				CLANG_WARN_QUOTED_INCLUDE_IN_FRAMEWORK_HEADER = YES;
				CLANG_WARN_RANGE_LOOP_ANALYSIS = YES;
				CLANG_WARN_STRICT_PROTOTYPES = YES;
				CLANG_WARN_SUSPICIOUS_MOVE = YES;
				CLANG_WARN_UNGUARDED_AVAILABILITY = YES_AGGRESSIVE;
				CLANG_WARN_UNREACHABLE_CODE = YES;
				CLANG_WARN__DUPLICATE_METHOD_MATCH = YES;
				COPY_PHASE_STRIP = NO;
				DEBUG_INFORMATION_FORMAT = dwarf;
				DEVELOPMENT_TEAM = PHXDU3J7JJ;
				ENABLE_STRICT_OBJC_MSGSEND = YES;
				ENABLE_TESTABILITY = YES;
				ENABLE_USER_SCRIPT_SANDBOXING = YES;
				GCC_C_LANGUAGE_STANDARD = gnu17;
				GCC_DYNAMIC_NO_PIC = NO;
				GCC_NO_COMMON_BLOCKS = YES;
				GCC_OPTIMIZATION_LEVEL = 0;
				GCC_PREPROCESSOR_DEFINITIONS = (
					"DEBUG=1",
					"$(inherited)",
				);
				GCC_WARN_64_TO_32_BIT_CONVERSION = YES;
				GCC_WARN_ABOUT_RETURN_TYPE = YES_ERROR;
				GCC_WARN_UNDECLARED_SELECTOR = YES;
				GCC_WARN_UNINITIALIZED_AUTOS = YES_AGGRESSIVE;
				GCC_WARN_UNUSED_FUNCTION = YES;
				GCC_WARN_UNUSED_VARIABLE = YES;
				IPHONEOS_DEPLOYMENT_TARGET = 26.2;
				LOCALIZATION_PREFERS_STRING_CATALOGS = YES;
				MTL_ENABLE_DEBUG_INFO = INCLUDE_SOURCE;
				MTL_FAST_MATH = YES;
				ONLY_ACTIVE_ARCH = YES;
				SDKROOT = iphoneos;
				SWIFT_ACTIVE_COMPILATION_CONDITIONS = "DEBUG $(inherited)";
				SWIFT_OPTIMIZATION_LEVEL = "-Onone";
			};
			name = Debug;
		};
		626C98D82F65D90F00184DD0 /* Release */ = {
			isa = XCBuildConfiguration;
			buildSettings = {
				ALWAYS_SEARCH_USER_PATHS = NO;
				ASSETCATALOG_COMPILER_GENERATE_SWIFT_ASSET_SYMBOL_EXTENSIONS = YES;
				CLANG_ANALYZER_NONNULL = YES;
				CLANG_ANALYZER_NUMBER_OBJECT_CONVERSION = YES_AGGRESSIVE;
				CLANG_CXX_LANGUAGE_STANDARD = "gnu++20";
				CLANG_ENABLE_MODULES = YES;
				CLANG_ENABLE_OBJC_ARC = YES;
				CLANG_ENABLE_OBJC_WEAK = YES;
				CLANG_WARN_BLOCK_CAPTURE_AUTORELEASING = YES;
				CLANG_WARN_BOOL_CONVERSION = YES;
				CLANG_WARN_COMMA = YES;
				CLANG_WARN_CONSTANT_CONVERSION = YES;
				CLANG_WARN_DEPRECATED_OBJC_IMPLEMENTATIONS = YES;
				CLANG_WARN_DIRECT_OBJC_ISA_USAGE = YES_ERROR;
				CLANG_WARN_DOCUMENTATION_COMMENTS = YES;
				CLANG_WARN_EMPTY_BODY = YES;
				CLANG_WARN_ENUM_CONVERSION = YES;
				CLANG_WARN_INFINITE_RECURSION = YES;
				CLANG_WARN_INT_CONVERSION = YES;
				CLANG_WARN_NON_LITERAL_NULL_CONVERSION = YES;
				CLANG_WARN_OBJC_IMPLICIT_RETAIN_SELF = YES;
				CLANG_WARN_OBJC_LITERAL_CONVERSION = YES;
				CLANG_WARN_OBJC_ROOT_CLASS = YES_ERROR;
				CLANG_WARN_QUOTED_INCLUDE_IN_FRAMEWORK_HEADER = YES;
				CLANG_WARN_RANGE_LOOP_ANALYSIS = YES;
				CLANG_WARN_STRICT_PROTOTYPES = YES;
				CLANG_WARN_SUSPICIOUS_MOVE = YES;
				CLANG_WARN_UNGUARDED_AVAILABILITY = YES_AGGRESSIVE;
				CLANG_WARN_UNREACHABLE_CODE = YES;
				CLANG_WARN__DUPLICATE_METHOD_MATCH = YES;
				COPY_PHASE_STRIP = NO;
				DEBUG_INFORMATION_FORMAT = "dwarf-with-dsym";
				DEVELOPMENT_TEAM = PHXDU3J7JJ;
				ENABLE_NS_ASSERTIONS = NO;
				ENABLE_STRICT_OBJC_MSGSEND = YES;
				ENABLE_USER_SCRIPT_SANDBOXING = YES;
				GCC_C_LANGUAGE_STANDARD = gnu17;
				GCC_NO_COMMON_BLOCKS = YES;
				GCC_WARN_64_TO_32_BIT_CONVERSION = YES;
				GCC_WARN_ABOUT_RETURN_TYPE = YES_ERROR;
				GCC_WARN_UNDECLARED_SELECTOR = YES;
				GCC_WARN_UNINITIALIZED_AUTOS = YES_AGGRESSIVE;
				GCC_WARN_UNUSED_FUNCTION = YES;
				GCC_WARN_UNUSED_VARIABLE = YES;
				IPHONEOS_DEPLOYMENT_TARGET = 26.2;
				LOCALIZATION_PREFERS_STRING_CATALOGS = YES;
				MTL_ENABLE_DEBUG_INFO = NO;
				MTL_FAST_MATH = YES;
				SDKROOT = iphoneos;
				SWIFT_COMPILATION_MODE = wholemodule;
				VALIDATE_PRODUCT = YES;
			};
			name = Release;
		};
		626C98DA2F65D90F00184DD0 /* Debug */ = {
			isa = XCBuildConfiguration;
			buildSettings = {
				BUNDLE_LOADER = "$(TEST_HOST)";
				CODE_SIGN_STYLE = Automatic;
				CURRENT_PROJECT_VERSION = 1;
				DEVELOPMENT_TEAM = PHXDU3J7JJ;
				GENERATE_INFOPLIST_FILE = YES;
				IPHONEOS_DEPLOYMENT_TARGET = 26.2;
				MARKETING_VERSION = 1.0;
				PRODUCT_BUNDLE_IDENTIFIER = "com.aadisss.RxUi-LabTests";
				PRODUCT_NAME = "$(TARGET_NAME)";
				STRING_CATALOG_GENERATE_SYMBOLS = NO;
				SWIFT_APPROACHABLE_CONCURRENCY = YES;
				SWIFT_EMIT_LOC_STRINGS = NO;
				SWIFT_UPCOMING_FEATURE_MEMBER_IMPORT_VISIBILITY = YES;
				SWIFT_VERSION = 5.0;
				TARGETED_DEVICE_FAMILY = "1,2";
				TEST_HOST = "$(BUILT_PRODUCTS_DIR)/RxUi Lab.app/$(BUNDLE_EXECUTABLE_FOLDER_PATH)/RxUi Lab";
			};
			name = Debug;
		};
		626C98DB2F65D90F00184DD0 /* Release */ = {
			isa = XCBuildConfiguration;
			buildSettings = {
				BUNDLE_LOADER = "$(TEST_HOST)";
				CODE_SIGN_STYLE = Automatic;
				CURRENT_PROJECT_VERSION = 1;
				DEVELOPMENT_TEAM = PHXDU3J7JJ;
				GENERATE_INFOPLIST_FILE = YES;
				IPHONEOS_DEPLOYMENT_TARGET = 26.2;
				MARKETING_VERSION = 1.0;
				PRODUCT_BUNDLE_IDENTIFIER = "com.aadisss.RxUi-LabTests";
				PRODUCT_NAME = "$(TARGET_NAME)";
				STRING_CATALOG_GENERATE_SYMBOLS = NO;
				SWIFT_APPROACHABLE_CONCURRENCY = YES;
				SWIFT_EMIT_LOC_STRINGS = NO;
				SWIFT_UPCOMING_FEATURE_MEMBER_IMPORT_VISIBILITY = YES;
				SWIFT_VERSION = 5.0;
				TARGETED_DEVICE_FAMILY = "1,2";
				TEST_HOST = "$(BUILT_PRODUCTS_DIR)/RxUi Lab.app/$(BUNDLE_EXECUTABLE_FOLDER_PATH)/RxUi Lab";
			};
			name = Release;
		};
		626C98DD2F65D90F00184DD0 /* Debug */ = {
			isa = XCBuildConfiguration;
			buildSettings = {
				CODE_SIGN_STYLE = Automatic;
				CURRENT_PROJECT_VERSION = 1;
				DEVELOPMENT_TEAM = PHXDU3J7JJ;
				GENERATE_INFOPLIST_FILE = YES;
				MARKETING_VERSION = 1.0;
				PRODUCT_BUNDLE_IDENTIFIER = "com.aadisss.RxUi-LabUITests";
				PRODUCT_NAME = "$(TARGET_NAME)";
				STRING_CATALOG_GENERATE_SYMBOLS = NO;
				SWIFT_APPROACHABLE_CONCURRENCY = YES;
				SWIFT_EMIT_LOC_STRINGS = NO;
				SWIFT_UPCOMING_FEATURE_MEMBER_IMPORT_VISIBILITY = YES;
				SWIFT_VERSION = 5.0;
				TARGETED_DEVICE_FAMILY = "1,2";
				TEST_TARGET_NAME = "RxUi Lab";
			};
			name = Debug;
		};
		626C98DE2F65D90F00184DD0 /* Release */ = {
			isa = XCBuildConfiguration;
			buildSettings = {
				CODE_SIGN_STYLE = Automatic;
				CURRENT_PROJECT_VERSION = 1;
				DEVELOPMENT_TEAM = PHXDU3J7JJ;
				GENERATE_INFOPLIST_FILE = YES;
				MARKETING_VERSION = 1.0;
				PRODUCT_BUNDLE_IDENTIFIER = "com.aadisss.RxUi-LabUITests";
				PRODUCT_NAME = "$(TARGET_NAME)";
				STRING_CATALOG_GENERATE_SYMBOLS = NO;
				SWIFT_APPROACHABLE_CONCURRENCY = YES;
				SWIFT_EMIT_LOC_STRINGS = NO;
				SWIFT_UPCOMING_FEATURE_MEMBER_IMPORT_VISIBILITY = YES;
				SWIFT_VERSION = 5.0;
				TARGETED_DEVICE_FAMILY = "1,2";
				TEST_TARGET_NAME = "RxUi Lab";
			};
			name = Release;
		};
/* End XCBuildConfiguration section */

/* Begin XCConfigurationList section */
		626C98A62F65D90E00184DD0 /* Build configuration list for PBXProject "RxUi Lab" */ = {
			isa = XCConfigurationList;
			buildConfigurations = (
				626C98D72F65D90F00184DD0 /* Debug */,
				626C98D82F65D90F00184DD0 /* Release */,
			);
			defaultConfigurationIsVisible = 0;
			defaultConfigurationName = Release;
		};
		626C98D42F65D90F00184DD0 /* Build configuration list for PBXNativeTarget "RxUi Lab" */ = {
			isa = XCConfigurationList;
			buildConfigurations = (
				626C98D52F65D90F00184DD0 /* Debug */,
				626C98D62F65D90F00184DD0 /* Release */,
			);
			defaultConfigurationIsVisible = 0;
			defaultConfigurationName = Release;
		};
		626C98D92F65D90F00184DD0 /* Build configuration list for PBXNativeTarget "RxUi LabTests" */ = {
			isa = XCConfigurationList;
			buildConfigurations = (
				626C98DA2F65D90F00184DD0 /* Debug */,
				626C98DB2F65D90F00184DD0 /* Release */,
			);
			defaultConfigurationIsVisible = 0;
			defaultConfigurationName = Release;
		};
		626C98DC2F65D90F00184DD0 /* Build configuration list for PBXNativeTarget "RxUi LabUITests" */ = {
			isa = XCConfigurationList;
			buildConfigurations = (
				626C98DD2F65D90F00184DD0 /* Debug */,
				626C98DE2F65D90F00184DD0 /* Release */,
			);
			defaultConfigurationIsVisible = 0;
			defaultConfigurationName = Release;
		};
/* End XCConfigurationList section */

/* Begin XCRemoteSwiftPackageReference section */
		626C98E22F65DBC700184DD0 /* XCRemoteSwiftPackageReference "RxSwift" */ = {
			isa = XCRemoteSwiftPackageReference;
			repositoryURL = "https://github.com/ReactiveX/RxSwift";
			requirement = {
				kind = upToNextMajorVersion;
				minimumVersion = 6.10.2;
			};
		};
/* End XCRemoteSwiftPackageReference section */

/* Begin XCSwiftPackageProductDependency section */
		626C98E52F65DBC700184DD0 /* RxCocoa */ = {
			isa = XCSwiftPackageProductDependency;
			package = 626C98E22F65DBC700184DD0 /* XCRemoteSwiftPackageReference "RxSwift" */;
			productName = RxCocoa;
		};
		626C98E92F65DBC700184DD0 /* RxRelay */ = {
			isa = XCSwiftPackageProductDependency;
			package = 626C98E22F65DBC700184DD0 /* XCRemoteSwiftPackageReference "RxSwift" */;
			productName = RxRelay;
		};
		626C98EB2F65DBC700184DD0 /* RxSwift */ = {
			isa = XCSwiftPackageProductDependency;
			package = 626C98E22F65DBC700184DD0 /* XCRemoteSwiftPackageReference "RxSwift" */;
			productName = RxSwift;
		};
/* End XCSwiftPackageProductDependency section */
	};
	rootObject = 626C98A32F65D90E00184DD0 /* Project object */;
}
